
Microsoft Visual Studio Solution File, Format Version 12.00
# Visual Studio Version 16
VisualStudioVersion = 16.0.29326.143
MinimumVisualStudioVersion = 10.0.40219.1
Project("{FAE04EC0-301F-11D3-BF4B-00C04F79EFBC}") = "ExConjunto", "ExConjunto\ExConjunto.csproj", "{88CDE3E8-6B33-4D19-B04D-E418F881928C}"
EndProject
Global
	GlobalSection(SolutionConfigurationPlatforms) = preSolution
		Debug|Any CPU = Debug|Any CPU
		Release|Any CPU = Release|Any CPU
	EndGlobalSection
	GlobalSection(ProjectConfigurationPlatforms) = postSolution
		{88CDE3E8-6B33-4D19-B04D-E418F881928C}.Debug|Any CPU.ActiveCfg = Debug|Any CPU
		{88CDE3E8-6B33-4D19-B04D-E418F881928C}.Debug|Any CPU.Build.0 = Debug|Any CPU
		{88CDE3E8-6B33-4D19-B04D-E418F881928C}.Release|Any CPU.ActiveCfg = Release|Any CPU
		{88CDE3E8-6B33-4D19-B04D-E418F881928C}.Release|Any CPU.Build.0 = Release|Any CPU
	EndGlobalSection
	GlobalSection(SolutionProperties) = preSolution
		HideSolutionNode = FALSE
	EndGlobalSection
	GlobalSection(ExtensibilityGlobals) = postSolution
		SolutionGuid = {0C25CE15-414C-4338-BD66-08F3C8F951EE}
	EndGlobalSection
EndGlobal
